// !$*UTF8*$!
{
	archiveVersion = 1;
	classes = {
	};
	objectVersion = 56;
	objects = {

/* Begin PBXBuildFile section */
		102A16DD2F2AA72E00851137 /* DiagnosticLogger.swift in Sources */ = {isa = PBXBuildFile; fileRef = 102A16DC2F2AA72E00851137 /* DiagnosticLogger.swift */; };
		102A16DF2F2AA73900851137 /* DiagnosticsService.swift in Sources */ = {isa = PBXBuildFile; fileRef = 102A16DE2F2AA73900851137 /* DiagnosticsService.swift */; };
		10D17FC32F0F2270006686F2 /* WindowManager.swift in Sources */ = {isa = PBXBuildFile; fileRef = 10D17FC22F0F2270006686F2 /* WindowManager.swift */; };
		10D17FC92F0F2A08006686F2 /* AmmoModels.swift in Sources */ = {isa = PBXBuildFile; fileRef = 10D17FC82F0F2A08006686F2 /* AmmoModels.swift */; };
		10D17FCB2F0F2A21006686F2 /* AmmoPanelState.swift in Sources */ = {isa = PBXBuildFile; fileRef = 10D17FCA2F0F2A21006686F2 /* AmmoPanelState.swift */; };
		10D17FD12F0F33D2006686F2 /* AmmoPanelView.swift in Sources */ = {isa = PBXBuildFile; fileRef = 10D17FD02F0F33D2006686F2 /* AmmoPanelView.swift */; };
		10D17FD32F0F33DB006686F2 /* TrainingView.swift in Sources */ = {isa = PBXBuildFile; fileRef = 10D17FD22F0F33DB006686F2 /* TrainingView.swift */; };
		10D17FD52F0F5C65006686F2 /* release.sh in Resources */ = {isa = PBXBuildFile; fileRef = 10D17FD42F0F5C65006686F2 /* release.sh */; };
		10D17FD82F0F5F3A006686F2 /* Sparkle in Frameworks */ = {isa = PBXBuildFile; productRef = 10D17FD72F0F5F3A006686F2 /* Sparkle */; };
		10D17FDA2F11B8CE006686F2 /* RolePlayRoomView.swift in Sources */ = {isa = PBXBuildFile; fileRef = 10D17FD92F11B8CE006686F2 /* RolePlayRoomView.swift */; };
		10D17FDC2F12A000006686F2 /* ScheduleView.swift in Sources */ = {isa = PBXBuildFile; fileRef = 10D17FDB2F12A000006686F2 /* ScheduleView.swift */; };
		10D17FDC2F1DB286006686F2 /* MessagingState.swift in Sources */ = {isa = PBXBuildFile; fileRef = 10D17FDB2F1DB286006686F2 /* MessagingState.swift */; };
		10D17FDE2F1DB299006686F2 /* ChatModels.swift in Sources */ = {isa = PBXBuildFile; fileRef = 10D17FDD2F1DB299006686F2 /* ChatModels.swift */; };
		10D17FE02F1DB2C7006686F2 /* ChatPanelView.swift in Sources */ = {isa = PBXBuildFile; fileRef = 10D17FDF2F1DB2C7006686F2 /* ChatPanelView.swift */; };
		10D17FE22F1DB2D4006686F2 /* MessageNotificationBanner.swift in Sources */ = {isa = PBXBuildFile; fileRef = 10D17FE12F1DB2D3006686F2 /* MessageNotificationBanner.swift */; };
		10D17FE42F201663006686F2 /* AppDelegate.swift in Sources */ = {isa = PBXBuildFile; fileRef = 10D17FE32F201663006686F2 /* AppDelegate.swift */; };
		10D17FE82F201877006686F2 /* MenuBarController.swift in Sources */ = {isa = PBXBuildFile; fileRef = 10D17FE72F201877006686F2 /* MenuBarController.swift */; };
		10EB31152F0F03BA00665CB6 /* Starscream in Frameworks */ = {isa = PBXBuildFile; productRef = 10EB31142F0F03BA00665CB6 /* Starscream */; };
		10EB31172F0F051100665CB6 /* StarscreamWebSocketService.swift in Sources */ = {isa = PBXBuildFile; fileRef = 10EB31162F0F051100665CB6 /* StarscreamWebSocketService.swift */; };
		10EB31192F0F09D500665CB6 /* SystemAudioCapture.swift in Sources */ = {isa = PBXBuildFile; fileRef = 10EB31182F0F09D500665CB6 /* SystemAudioCapture.swift */; };
		A1000001211111110000000A /* Sequ3nceApp.swift in Sources */ = {isa = PBXBuildFile; fileRef = A1000001111111110000000A /* Sequ3nceApp.swift */; };
		A1000002211111110000000A /* ContentView.swift in Sources */ = {isa = PBXBuildFile; fileRef = A1000002111111110000000A /* ContentView.swift */; };
		A1000003211111110000000A /* Assets.xcassets in Resources */ = {isa = PBXBuildFile; fileRef = A1000003111111110000000A /* Assets.xcassets */; };
		A1000020211111110000000A /* AudioCaptureService.swift in Sources */ = {isa = PBXBuildFile; fileRef = A1000020111111110000000A /* AudioCaptureService.swift */; };
		A1000021211111110000000A /* WebSocketService.swift in Sources */ = {isa = PBXBuildFile; fileRef = A1000021111111110000000A /* WebSocketService.swift */; };
		A1000022211111110000000A /* ConvexService.swift in Sources */ = {isa = PBXBuildFile; fileRef = A1000022111111110000000A /* ConvexService.swift */; };
		C1000001211111110000000A /* DashboardView.swift in Sources */ = {isa = PBXBuildFile; fileRef = C1000001111111110000000A /* DashboardView.swift */; };
		C1000002211111110000000A /* ActiveCallView.swift in Sources */ = {isa = PBXBuildFile; fileRef = C1000002111111110000000A /* ActiveCallView.swift */; };
		C1000003211111110000000A /* CallHistoryView.swift in Sources */ = {isa = PBXBuildFile; fileRef = C1000003111111110000000A /* CallHistoryView.swift */; };
		C1000004211111110000000A /* BotSettingsView.swift in Sources */ = {isa = PBXBuildFile; fileRef = C1000004111111110000000A /* BotSettingsView.swift */; };
		C1000005211111110000000A /* BotOnboardingView.swift in Sources */ = {isa = PBXBuildFile; fileRef = C1000005111111110000000A /* BotOnboardingView.swift */; };
		E10000062111111100000006 /* Sequ3nceUITests.swift in Sources */ = {isa = PBXBuildFile; fileRef = E10000011111111100000001 /* Sequ3nceUITests.swift */; };
		E10000072111111100000007 /* DashboardTests.swift in Sources */ = {isa = PBXBuildFile; fileRef = E10000021111111100000002 /* DashboardTests.swift */; };
		E10000082111111100000008 /* QuickBotTests.swift in Sources */ = {isa = PBXBuildFile; fileRef = E10000031111111100000003 /* QuickBotTests.swift */; };
		E10000092111111100000009 /* TestHelpers.swift in Sources */ = {isa = PBXBuildFile; fileRef = E10000041111111100000004 /* TestHelpers.swift */; };
		E1000A012111111100002002 /* OnboardingTests.swift in Sources */ = {isa = PBXBuildFile; fileRef = E1000A011111111100002001 /* OnboardingTests.swift */; };
		E1000A022111111100002004 /* ActiveCallTests.swift in Sources */ = {isa = PBXBuildFile; fileRef = E1000A021111111100002003 /* ActiveCallTests.swift */; };
		E1000A032111111100002006 /* CallHistoryTests.swift in Sources */ = {isa = PBXBuildFile; fileRef = E1000A031111111100002005 /* CallHistoryTests.swift */; };
		E1000A042111111100002008 /* SettingsTests.swift in Sources */ = {isa = PBXBuildFile; fileRef = E1000A041111111100002007 /* SettingsTests.swift */; };
/* End PBXBuildFile section */

/* Begin PBXContainerItemProxy section */
		E10000401111111100000010 /* PBXContainerItemProxy */ = {
			isa = PBXContainerItemProxy;
			containerPortal = A1000016111111110000000A /* Project object */;
			proxyType = 1;
			remoteGlobalIDString = A1000012111111110000000A;
			remoteInfo = Sequ3nce;
		};
/* End PBXContainerItemProxy section */

/* Begin PBXFileReference section */
		102A16DC2F2AA72E00851137 /* DiagnosticLogger.swift */ = {isa = PBXFileReference; lastKnownFileType = sourcecode.swift; path = DiagnosticLogger.swift; sourceTree = "<group>"; };
		102A16DE2F2AA73900851137 /* DiagnosticsService.swift */ = {isa = PBXFileReference; lastKnownFileType = sourcecode.swift; path = DiagnosticsService.swift; sourceTree = "<group>"; };
		10D17FC22F0F2270006686F2 /* WindowManager.swift */ = {isa = PBXFileReference; lastKnownFileType = sourcecode.swift; path = WindowManager.swift; sourceTree = "<group>"; };
		10D17FC82F0F2A08006686F2 /* AmmoModels.swift */ = {isa = PBXFileReference; lastKnownFileType = sourcecode.swift; path = AmmoModels.swift; sourceTree = "<group>"; };
		10D17FCA2F0F2A21006686F2 /* AmmoPanelState.swift */ = {isa = PBXFileReference; lastKnownFileType = sourcecode.swift; path = AmmoPanelState.swift; sourceTree = "<group>"; };
		10D17FD02F0F33D2006686F2 /* AmmoPanelView.swift */ = {isa = PBXFileReference; lastKnownFileType = sourcecode.swift; path = AmmoPanelView.swift; sourceTree = "<group>"; };
		10D17FD22F0F33DB006686F2 /* TrainingView.swift */ = {isa = PBXFileReference; lastKnownFileType = sourcecode.swift; path = TrainingView.swift; sourceTree = "<group>"; };
		10D17FD42F0F5C65006686F2 /* release.sh */ = {isa = PBXFileReference; lastKnownFileType = text.script.sh; path = release.sh; sourceTree = "<group>"; };
		10D17FD92F11B8CE006686F2 /* RolePlayRoomView.swift */ = {isa = PBXFileReference; lastKnownFileType = sourcecode.swift; path = RolePlayRoomView.swift; sourceTree = "<group>"; };
		10D17FDB2F12A000006686F2 /* ScheduleView.swift */ = {isa = PBXFileReference; lastKnownFileType = sourcecode.swift; path = ScheduleView.swift; sourceTree = "<group>"; };
		10D17FDB2F1DB286006686F2 /* MessagingState.swift */ = {isa = PBXFileReference; lastKnownFileType = sourcecode.swift; path = MessagingState.swift; sourceTree = "<group>"; };
		10D17FDD2F1DB299006686F2 /* ChatModels.swift */ = {isa = PBXFileReference; lastKnownFileType = sourcecode.swift; path = ChatModels.swift; sourceTree = "<group>"; };
		10D17FDF2F1DB2C7006686F2 /* ChatPanelView.swift */ = {isa = PBXFileReference; lastKnownFileType = sourcecode.swift; path = ChatPanelView.swift; sourceTree = "<group>"; };
		10D17FE12F1DB2D3006686F2 /* MessageNotificationBanner.swift */ = {isa = PBXFileReference; lastKnownFileType = sourcecode.swift; path = MessageNotificationBanner.swift; sourceTree = "<group>"; };
		10D17FE32F201663006686F2 /* AppDelegate.swift */ = {isa = PBXFileReference; lastKnownFileType = sourcecode.swift; path = AppDelegate.swift; sourceTree = "<group>"; };
		10D17FE72F201877006686F2 /* MenuBarController.swift */ = {isa = PBXFileReference; lastKnownFileType = sourcecode.swift; path = MenuBarController.swift; sourceTree = "<group>"; };
		10EB31162F0F051100665CB6 /* StarscreamWebSocketService.swift */ = {isa = PBXFileReference; lastKnownFileType = sourcecode.swift; path = StarscreamWebSocketService.swift; sourceTree = "<group>"; };
		10EB31182F0F09D500665CB6 /* SystemAudioCapture.swift */ = {isa = PBXFileReference; lastKnownFileType = sourcecode.swift; path = SystemAudioCapture.swift; sourceTree = "<group>"; };
		A1000001111111110000000A /* Sequ3nceApp.swift */ = {isa = PBXFileReference; lastKnownFileType = sourcecode.swift; path = Sequ3nceApp.swift; sourceTree = "<group>"; };
		A1000002111111110000000A /* ContentView.swift */ = {isa = PBXFileReference; lastKnownFileType = sourcecode.swift; path = ContentView.swift; sourceTree = "<group>"; };
		A1000003111111110000000A /* Assets.xcassets */ = {isa = PBXFileReference; lastKnownFileType = folder.assetcatalog; path = Assets.xcassets; sourceTree = "<group>"; };
		A1000004111111110000000A /* Info.plist */ = {isa = PBXFileReference; lastKnownFileType = text.plist.xml; path = Info.plist; sourceTree = "<group>"; };
		A1000005111111110000000A /* Sequ3nce.entitlements */ = {isa = PBXFileReference; lastKnownFileType = text.plist.entitlements; path = Sequ3nce.entitlements; sourceTree = "<group>"; };
		A1000006111111110000000A /* Sequ3nce.app */ = {isa = PBXFileReference; explicitFileType = wrapper.application; includeInIndex = 0; path = Sequ3nce.app; sourceTree = BUILT_PRODUCTS_DIR; };
		A1000020111111110000000A /* AudioCaptureService.swift */ = {isa = PBXFileReference; lastKnownFileType = sourcecode.swift; path = AudioCaptureService.swift; sourceTree = "<group>"; };
		A1000021111111110000000A /* WebSocketService.swift */ = {isa = PBXFileReference; lastKnownFileType = sourcecode.swift; path = WebSocketService.swift; sourceTree = "<group>"; };
		A1000022111111110000000A /* ConvexService.swift */ = {isa = PBXFileReference; lastKnownFileType = sourcecode.swift; path = ConvexService.swift; sourceTree = "<group>"; };
		C1000001111111110000000A /* DashboardView.swift */ = {isa = PBXFileReference; lastKnownFileType = sourcecode.swift; path = DashboardView.swift; sourceTree = "<group>"; };
		C1000002111111110000000A /* ActiveCallView.swift */ = {isa = PBXFileReference; lastKnownFileType = sourcecode.swift; path = ActiveCallView.swift; sourceTree = "<group>"; };
		C1000003111111110000000A /* CallHistoryView.swift */ = {isa = PBXFileReference; lastKnownFileType = sourcecode.swift; path = CallHistoryView.swift; sourceTree = "<group>"; };
		C1000004111111110000000A /* BotSettingsView.swift */ = {isa = PBXFileReference; lastKnownFileType = sourcecode.swift; path = BotSettingsView.swift; sourceTree = "<group>"; };
		C1000005111111110000000A /* BotOnboardingView.swift */ = {isa = PBXFileReference; lastKnownFileType = sourcecode.swift; path = BotOnboardingView.swift; sourceTree = "<group>"; };
		E10000011111111100000001 /* Sequ3nceUITests.swift */ = {isa = PBXFileReference; lastKnownFileType = sourcecode.swift; path = Sequ3nceUITests.swift; sourceTree = "<group>"; };
		E10000021111111100000002 /* DashboardTests.swift */ = {isa = PBXFileReference; lastKnownFileType = sourcecode.swift; path = DashboardTests.swift; sourceTree = "<group>"; };
		E10000031111111100000003 /* QuickBotTests.swift */ = {isa = PBXFileReference; lastKnownFileType = sourcecode.swift; path = QuickBotTests.swift; sourceTree = "<group>"; };
		E10000041111111100000004 /* TestHelpers.swift */ = {isa = PBXFileReference; lastKnownFileType = sourcecode.swift; path = TestHelpers.swift; sourceTree = "<group>"; };
		E10000051111111100000005 /* Sequ3nceUITests.xctest */ = {isa = PBXFileReference; explicitFileType = wrapper.cfbundle; includeInIndex = 0; path = Sequ3nceUITests.xctest; sourceTree = BUILT_PRODUCTS_DIR; };
		E1000A011111111100002001 /* OnboardingTests.swift */ = {isa = PBXFileReference; lastKnownFileType = sourcecode.swift; path = OnboardingTests.swift; sourceTree = "<group>"; };
		E1000A021111111100002003 /* ActiveCallTests.swift */ = {isa = PBXFileReference; lastKnownFileType = sourcecode.swift; path = ActiveCallTests.swift; sourceTree = "<group>"; };
		E1000A031111111100002005 /* CallHistoryTests.swift */ = {isa = PBXFileReference; lastKnownFileType = sourcecode.swift; path = CallHistoryTests.swift; sourceTree = "<group>"; };
		E1000A041111111100002007 /* SettingsTests.swift */ = {isa = PBXFileReference; lastKnownFileType = sourcecode.swift; path = SettingsTests.swift; sourceTree = "<group>"; };
/* End PBXFileReference section */

/* Begin PBXFrameworksBuildPhase section */
		A1000007111111110000000A /* Frameworks */ = {
			isa = PBXFrameworksBuildPhase;
			buildActionMask = 2147483647;
			files = (
				10EB31152F0F03BA00665CB6 /* Starscream in Frameworks */,
				10D17FD82F0F5F3A006686F2 /* Sparkle in Frameworks */,
			);
			runOnlyForDeploymentPostprocessing = 0;
		};
		E10000211111111100000D0E /* Frameworks */ = {
			isa = PBXFrameworksBuildPhase;
			buildActionMask = 2147483647;
			files = (
			);
			runOnlyForDeploymentPostprocessing = 0;
		};
/* End PBXFrameworksBuildPhase section */

/* Begin PBXGroup section */
		A1000008111111110000000A = {
			isa = PBXGroup;
			children = (
				A1000009111111110000000A /* Sequ3nce */,
				E10000101111111100000A0B /* Sequ3nceUITests */,
				A100000A111111110000000A /* Products */,
			);
			sourceTree = "<group>";
		};
		A1000009111111110000000A /* Sequ3nce */ = {
			isa = PBXGroup;
			children = (
				10D17FE32F201663006686F2 /* AppDelegate.swift */,
				A1000001111111110000000A /* Sequ3nceApp.swift */,
				A100000B111111110000000A /* Views */,
				A100000C111111110000000A /* Services */,
				A100000D111111110000000A /* Models */,
				A100000E111111110000000A /* Resources */,
				A1000003111111110000000A /* Assets.xcassets */,
				A1000004111111110000000A /* Info.plist */,
				A1000005111111110000000A /* Sequ3nce.entitlements */,
			);
			path = Sequ3nce;
			sourceTree = "<group>";
		};
		A100000A111111110000000A /* Products */ = {
			isa = PBXGroup;
			children = (
				A1000006111111110000000A /* Sequ3nce.app */,
				E10000051111111100000005 /* Sequ3nceUITests.xctest */,
			);
			name = Products;
			sourceTree = "<group>";
		};
		A100000B111111110000000A /* Views */ = {
			isa = PBXGroup;
			children = (
				10D17FE12F1DB2D3006686F2 /* MessageNotificationBanner.swift */,
				10D17FDF2F1DB2C7006686F2 /* ChatPanelView.swift */,
				10D17FDB2F12A000006686F2 /* ScheduleView.swift */,
				10D17FD92F11B8CE006686F2 /* RolePlayRoomView.swift */,
				10D17FD22F0F33DB006686F2 /* TrainingView.swift */,
				10D17FD42F0F5C65006686F2 /* release.sh */,
				10D17FD02F0F33D2006686F2 /* AmmoPanelView.swift */,
				A100000F111111110000000A /* MainWindow */,
				A1000010111111110000000A /* AmmoTrackerPanel */,
				A1000011111111110000000A /* TrainingWindow */,
				C1000010111111110000000A /* Dashboard */,
				C1000011111111110000000A /* ActiveCall */,
				C1000012111111110000000A /* Calls */,
				C1000013111111110000000A /* Settings */,
				C1000014111111110000000A /* Onboarding */,
			);
			path = Views;
			sourceTree = "<group>";
		};
		C1000010111111110000000A /* Dashboard */ = {
			isa = PBXGroup;
			children = (
				C1000001111111110000000A /* DashboardView.swift */,
			);
			path = Dashboard;
			sourceTree = "<group>";
		};
		C1000011111111110000000A /* ActiveCall */ = {
			isa = PBXGroup;
			children = (
				C1000002111111110000000A /* ActiveCallView.swift */,
			);
			path = ActiveCall;
			sourceTree = "<group>";
		};
		C1000012111111110000000A /* Calls */ = {
			isa = PBXGroup;
			children = (
				C1000003111111110000000A /* CallHistoryView.swift */,
			);
			path = Calls;
			sourceTree = "<group>";
		};
		C1000013111111110000000A /* Settings */ = {
			isa = PBXGroup;
			children = (
				C1000004111111110000000A /* BotSettingsView.swift */,
			);
			path = Settings;
			sourceTree = "<group>";
		};
		C1000014111111110000000A /* Onboarding */ = {
			isa = PBXGroup;
			children = (
				C1000005111111110000000A /* BotOnboardingView.swift */,
			);
			path = Onboarding;
			sourceTree = "<group>";
		};
		A100000C111111110000000A /* Services */ = {
			isa = PBXGroup;
			children = (
				102A16DE2F2AA73900851137 /* DiagnosticsService.swift */,
				102A16DC2F2AA72E00851137 /* DiagnosticLogger.swift */,
				10D17FE72F201877006686F2 /* MenuBarController.swift */,
				10D17FDB2F1DB286006686F2 /* MessagingState.swift */,
				10D17FCA2F0F2A21006686F2 /* AmmoPanelState.swift */,
				10D17FC22F0F2270006686F2 /* WindowManager.swift */,
				10EB31182F0F09D500665CB6 /* SystemAudioCapture.swift */,
				10EB31162F0F051100665CB6 /* StarscreamWebSocketService.swift */,
				A1000020111111110000000A /* AudioCaptureService.swift */,
				A1000021111111110000000A /* WebSocketService.swift */,
				A1000022111111110000000A /* ConvexService.swift */,
			);
			path = Services;
			sourceTree = "<group>";
		};
		A100000D111111110000000A /* Models */ = {
			isa = PBXGroup;
			children = (
				10D17FDD2F1DB299006686F2 /* ChatModels.swift */,
				10D17FC82F0F2A08006686F2 /* AmmoModels.swift */,
			);
			path = Models;
			sourceTree = "<group>";
		};
		A100000E111111110000000A /* Resources */ = {
			isa = PBXGroup;
			children = (
			);
			path = Resources;
			sourceTree = "<group>";
		};
		A100000F111111110000000A /* MainWindow */ = {
			isa = PBXGroup;
			children = (
				A1000002111111110000000A /* ContentView.swift */,
			);
			path = MainWindow;
			sourceTree = "<group>";
		};
		A1000010111111110000000A /* AmmoTrackerPanel */ = {
			isa = PBXGroup;
			children = (
			);
			path = AmmoTrackerPanel;
			sourceTree = "<group>";
		};
		A1000011111111110000000A /* TrainingWindow */ = {
			isa = PBXGroup;
			children = (
			);
			path = TrainingWindow;
			sourceTree = "<group>";
		};
		E10000101111111100000A0B /* Sequ3nceUITests */ = {
			isa = PBXGroup;
			children = (
				E10000011111111100000001 /* Sequ3nceUITests.swift */,
				E10000021111111100000002 /* DashboardTests.swift */,
				E10000031111111100000003 /* QuickBotTests.swift */,
				E1000A011111111100002001 /* OnboardingTests.swift */,
				E1000A021111111100002003 /* ActiveCallTests.swift */,
				E1000A031111111100002005 /* CallHistoryTests.swift */,
				E1000A041111111100002007 /* SettingsTests.swift */,
				E10000111111111100000B0C /* Helpers */,
			);
			path = Sequ3nceUITests;
			sourceTree = "<group>";
		};
		E10000111111111100000B0C /* Helpers */ = {
			isa = PBXGroup;
			children = (
				E10000041111111100000004 /* TestHelpers.swift */,
			);
			path = Helpers;
			sourceTree = "<group>";
		};
/* End PBXGroup section */

/* Begin PBXNativeTarget section */
		A1000012111111110000000A /* Sequ3nce */ = {
			isa = PBXNativeTarget;
			buildConfigurationList = A1000013111111110000000A /* Build configuration list for PBXNativeTarget "Sequ3nce" */;
			buildPhases = (
				A1000014111111110000000A /* Sources */,
				A1000007111111110000000A /* Frameworks */,
				A1000015111111110000000A /* Resources */,
			);
			buildRules = (
			);
			dependencies = (
			);
			name = Sequ3nce;
			productName = Sequ3nce;
			productReference = A1000006111111110000000A /* Sequ3nce.app */;
			productType = "com.apple.product-type.application";
		};
		E10000301111111100000F00 /* Sequ3nceUITests */ = {
			isa = PBXNativeTarget;
			buildConfigurationList = E10000701111111100001C00 /* Build configuration list for PBXNativeTarget "Sequ3nceUITests" */;
			buildPhases = (
				E10000201111111100000C0D /* Sources */,
				E10000211111111100000D0E /* Frameworks */,
				E10000221111111100000E0F /* Resources */,
			);
			buildRules = (
			);
			dependencies = (
				E10000501111111100001100 /* PBXTargetDependency */,
			);
			name = Sequ3nceUITests;
			productName = Sequ3nceUITests;
			productReference = E10000051111111100000005 /* Sequ3nceUITests.xctest */;
			productType = "com.apple.product-type.bundle.ui-testing";
		};
/* End PBXNativeTarget section */

/* Begin PBXProject section */
		A1000016111111110000000A /* Project object */ = {
			isa = PBXProject;
			attributes = {
				BuildIndependentTargetsInParallel = 1;
				LastSwiftUpdateCheck = 1500;
				LastUpgradeCheck = 1620;
				TargetAttributes = {
					A1000012111111110000000A = {
						CreatedOnToolsVersion = 15.0;
					};
					E10000301111111100000F00 = {
						CreatedOnToolsVersion = 15.0;
						TestTargetID = A1000012111111110000000A;
					};
				};
			};
			buildConfigurationList = A1000017111111110000000A /* Build configuration list for PBXProject "Sequ3nce" */;
			compatibilityVersion = "Xcode 14.0";
			developmentRegion = en;
			hasScannedForEncodings = 0;
			knownRegions = (
				en,
				Base,
			);
			mainGroup = A1000008111111110000000A;
			packageReferences = (
				10EB31132F0F03BA00665CB6 /* XCRemoteSwiftPackageReference "Starscream" */,
				10D17FD62F0F5F3A006686F2 /* XCRemoteSwiftPackageReference "Sparkle" */,
			);
			productRefGroup = A100000A111111110000000A /* Products */;
			projectDirPath = "";
			projectRoot = "";
			targets = (
				A1000012111111110000000A /* Sequ3nce */,
				E10000301111111100000F00 /* Sequ3nceUITests */,
			);
		};
/* End PBXProject section */

/* Begin PBXResourcesBuildPhase section */
		A1000015111111110000000A /* Resources */ = {
			isa = PBXResourcesBuildPhase;
			buildActionMask = 2147483647;
			files = (
				10D17FD52F0F5C65006686F2 /* release.sh in Resources */,
				A1000003211111110000000A /* Assets.xcassets in Resources */,
			);
			runOnlyForDeploymentPostprocessing = 0;
		};
		E10000221111111100000E0F /* Resources */ = {
			isa = PBXResourcesBuildPhase;
			buildActionMask = 2147483647;
			files = (
			);
			runOnlyForDeploymentPostprocessing = 0;
		};
/* End PBXResourcesBuildPhase section */

/* Begin PBXSourcesBuildPhase section */
		A1000014111111110000000A /* Sources */ = {
			isa = PBXSourcesBuildPhase;
			buildActionMask = 2147483647;
			files = (
				A1000001211111110000000A /* Sequ3nceApp.swift in Sources */,
				10D17FC32F0F2270006686F2 /* WindowManager.swift in Sources */,
				10D17FE42F201663006686F2 /* AppDelegate.swift in Sources */,
				10D17FCB2F0F2A21006686F2 /* AmmoPanelState.swift in Sources */,
				10D17FE82F201877006686F2 /* MenuBarController.swift in Sources */,
				10EB31192F0F09D500665CB6 /* SystemAudioCapture.swift in Sources */,
				10D17FD32F0F33DB006686F2 /* TrainingView.swift in Sources */,
				10D17FDC2F12A000006686F2 /* ScheduleView.swift in Sources */,
				A1000002211111110000000A /* ContentView.swift in Sources */,
				102A16DD2F2AA72E00851137 /* DiagnosticLogger.swift in Sources */,
				10D17FC92F0F2A08006686F2 /* AmmoModels.swift in Sources */,
				A1000020211111110000000A /* AudioCaptureService.swift in Sources */,
				A1000021211111110000000A /* WebSocketService.swift in Sources */,
				10D17FE22F1DB2D4006686F2 /* MessageNotificationBanner.swift in Sources */,
				10D17FDA2F11B8CE006686F2 /* RolePlayRoomView.swift in Sources */,
				10EB31172F0F051100665CB6 /* StarscreamWebSocketService.swift in Sources */,
				A1000022211111110000000A /* ConvexService.swift in Sources */,
				10D17FD12F0F33D2006686F2 /* AmmoPanelView.swift in Sources */,
				10D17FDC2F1DB286006686F2 /* MessagingState.swift in Sources */,
				10D17FDE2F1DB299006686F2 /* ChatModels.swift in Sources */,
				102A16DF2F2AA73900851137 /* DiagnosticsService.swift in Sources */,
				10D17FE02F1DB2C7006686F2 /* ChatPanelView.swift in Sources */,
				C1000001211111110000000A /* DashboardView.swift in Sources */,
				C1000002211111110000000A /* ActiveCallView.swift in Sources */,
				C1000003211111110000000A /* CallHistoryView.swift in Sources */,
				C1000004211111110000000A /* BotSettingsView.swift in Sources */,
				C1000005211111110000000A /* BotOnboardingView.swift in Sources */,
			);
			runOnlyForDeploymentPostprocessing = 0;
		};
		E10000201111111100000C0D /* Sources */ = {
			isa = PBXSourcesBuildPhase;
			buildActionMask = 2147483647;
			files = (
				E10000062111111100000006 /* Sequ3nceUITests.swift in Sources */,
				E10000072111111100000007 /* DashboardTests.swift in Sources */,
				E10000082111111100000008 /* QuickBotTests.swift in Sources */,
				E10000092111111100000009 /* TestHelpers.swift in Sources */,
				E1000A012111111100002002 /* OnboardingTests.swift in Sources */,
				E1000A022111111100002004 /* ActiveCallTests.swift in Sources */,
				E1000A032111111100002006 /* CallHistoryTests.swift in Sources */,
				E1000A042111111100002008 /* SettingsTests.swift in Sources */,
			);
			runOnlyForDeploymentPostprocessing = 0;
		};
/* End PBXSourcesBuildPhase section */

/* Begin PBXTargetDependency section */
		E10000501111111100001100 /* PBXTargetDependency */ = {
			isa = PBXTargetDependency;
			target = A1000012111111110000000A /* Sequ3nce */;
			targetProxy = E10000401111111100000010 /* PBXContainerItemProxy */;
		};
/* End PBXTargetDependency section */

/* Begin XCBuildConfiguration section */
		A1000018111111110000000A /* Debug */ = {
			isa = XCBuildConfiguration;
			buildSettings = {
				ALWAYS_SEARCH_USER_PATHS = NO;
				ASSETCATALOG_COMPILER_GENERATE_SWIFT_ASSET_SYMBOL_EXTENSIONS = YES;
				CLANG_ANALYZER_NONNULL = YES;
				CLANG_ANALYZER_NUMBER_OBJECT_CONVERSION = YES_AGGRESSIVE;
				CLANG_CXX_LANGUAGE_STANDARD = "gnu++20";
				CLANG_ENABLE_MODULES = YES;
				CLANG_ENABLE_OBJC_ARC = YES;
				CLANG_ENABLE_OBJC_WEAK = YES;
				CLANG_WARN_BLOCK_CAPTURE_AUTORELEASING = YES;
				CLANG_WARN_BOOL_CONVERSION = YES;
				CLANG_WARN_COMMA = YES;
				CLANG_WARN_CONSTANT_CONVERSION = YES;
				CLANG_WARN_DEPRECATED_OBJC_IMPLEMENTATIONS = YES;
				CLANG_WARN_DIRECT_OBJC_ISA_USAGE = YES_ERROR;
				CLANG_WARN_DOCUMENTATION_COMMENTS = YES;
				CLANG_WARN_EMPTY_BODY = YES;
				CLANG_WARN_ENUM_CONVERSION = YES;
				CLANG_WARN_INFINITE_RECURSION = YES;
				CLANG_WARN_INT_CONVERSION = YES;
				CLANG_WARN_NON_LITERAL_NULL_CONVERSION = YES;
				CLANG_WARN_OBJC_IMPLICIT_RETAIN_SELF = YES;
				CLANG_WARN_OBJC_LITERAL_CONVERSION = YES;
				CLANG_WARN_OBJC_ROOT_CLASS = YES_ERROR;
				CLANG_WARN_QUOTED_INCLUDE_IN_FRAMEWORK_HEADER = YES;
				CLANG_WARN_RANGE_LOOP_ANALYSIS = YES;
				CLANG_WARN_STRICT_PROTOTYPES = YES;
				CLANG_WARN_SUSPICIOUS_MOVE = YES;
				CLANG_WARN_UNGUARDED_AVAILABILITY = YES_AGGRESSIVE;
				CLANG_WARN_UNREACHABLE_CODE = YES;
				CLANG_WARN__DUPLICATE_METHOD_MATCH = YES;
				COPY_PHASE_STRIP = NO;
				DEAD_CODE_STRIPPING = YES;
				DEBUG_INFORMATION_FORMAT = dwarf;
				ENABLE_STRICT_OBJC_MSGSEND = YES;
				ENABLE_TESTABILITY = YES;
				ENABLE_USER_SCRIPT_SANDBOXING = YES;
				GCC_C_LANGUAGE_STANDARD = gnu17;
				GCC_DYNAMIC_NO_PIC = NO;
				GCC_NO_COMMON_BLOCKS = YES;
				GCC_OPTIMIZATION_LEVEL = 0;
				GCC_PREPROCESSOR_DEFINITIONS = (
					"DEBUG=1",
					"$(inherited)",
				);
				GCC_WARN_64_TO_32_BIT_CONVERSION = YES;
				GCC_WARN_ABOUT_RETURN_TYPE = YES_ERROR;
				GCC_WARN_UNDECLARED_SELECTOR = YES;
				GCC_WARN_UNINITIALIZED_AUTOS = YES_AGGRESSIVE;
				GCC_WARN_UNUSED_FUNCTION = YES;
				GCC_WARN_UNUSED_VARIABLE = YES;
				MACOSX_DEPLOYMENT_TARGET = 14.4;
				MTL_ENABLE_DEBUG_INFO = INCLUDE_SOURCE;
				MTL_FAST_MATH = YES;
				ONLY_ACTIVE_ARCH = YES;
				SDKROOT = macosx;
				SWIFT_ACTIVE_COMPILATION_CONDITIONS = "DEBUG $(inherited)";
				SWIFT_OPTIMIZATION_LEVEL = "-Onone";
			};
			name = Debug;
		};
		A1000019111111110000000A /* Release */ = {
			isa = XCBuildConfiguration;
			buildSettings = {
				ALWAYS_SEARCH_USER_PATHS = NO;
				ASSETCATALOG_COMPILER_GENERATE_SWIFT_ASSET_SYMBOL_EXTENSIONS = YES;
				CLANG_ANALYZER_NONNULL = YES;
				CLANG_ANALYZER_NUMBER_OBJECT_CONVERSION = YES_AGGRESSIVE;
				CLANG_CXX_LANGUAGE_STANDARD = "gnu++20";
				CLANG_ENABLE_MODULES = YES;
				CLANG_ENABLE_OBJC_ARC = YES;
				CLANG_ENABLE_OBJC_WEAK = YES;
				CLANG_WARN_BLOCK_CAPTURE_AUTORELEASING = YES;
				CLANG_WARN_BOOL_CONVERSION = YES;
				CLANG_WARN_COMMA = YES;
				CLANG_WARN_CONSTANT_CONVERSION = YES;
				CLANG_WARN_DEPRECATED_OBJC_IMPLEMENTATIONS = YES;
				CLANG_WARN_DIRECT_OBJC_ISA_USAGE = YES_ERROR;
				CLANG_WARN_DOCUMENTATION_COMMENTS = YES;
				CLANG_WARN_EMPTY_BODY = YES;
				CLANG_WARN_ENUM_CONVERSION = YES;
				CLANG_WARN_INFINITE_RECURSION = YES;
				CLANG_WARN_INT_CONVERSION = YES;
				CLANG_WARN_NON_LITERAL_NULL_CONVERSION = YES;
				CLANG_WARN_OBJC_IMPLICIT_RETAIN_SELF = YES;
				CLANG_WARN_OBJC_LITERAL_CONVERSION = YES;
				CLANG_WARN_OBJC_ROOT_CLASS = YES_ERROR;
				CLANG_WARN_QUOTED_INCLUDE_IN_FRAMEWORK_HEADER = YES;
				CLANG_WARN_RANGE_LOOP_ANALYSIS = YES;
				CLANG_WARN_STRICT_PROTOTYPES = YES;
				CLANG_WARN_SUSPICIOUS_MOVE = YES;
				CLANG_WARN_UNGUARDED_AVAILABILITY = YES_AGGRESSIVE;
				CLANG_WARN_UNREACHABLE_CODE = YES;
				CLANG_WARN__DUPLICATE_METHOD_MATCH = YES;
				COPY_PHASE_STRIP = NO;
				DEAD_CODE_STRIPPING = YES;
				DEBUG_INFORMATION_FORMAT = "dwarf-with-dsym";
				ENABLE_NS_ASSERTIONS = NO;
				ENABLE_STRICT_OBJC_MSGSEND = YES;
				ENABLE_USER_SCRIPT_SANDBOXING = YES;
				GCC_C_LANGUAGE_STANDARD = gnu17;
				GCC_NO_COMMON_BLOCKS = YES;
				GCC_WARN_64_TO_32_BIT_CONVERSION = YES;
				GCC_WARN_ABOUT_RETURN_TYPE = YES_ERROR;
				GCC_WARN_UNDECLARED_SELECTOR = YES;
				GCC_WARN_UNINITIALIZED_AUTOS = YES_AGGRESSIVE;
				GCC_WARN_UNUSED_FUNCTION = YES;
				GCC_WARN_UNUSED_VARIABLE = YES;
				MACOSX_DEPLOYMENT_TARGET = 14.4;
				MTL_ENABLE_DEBUG_INFO = NO;
				MTL_FAST_MATH = YES;
				SDKROOT = macosx;
				SWIFT_COMPILATION_MODE = wholemodule;
			};
			name = Release;
		};
		A100001A111111110000000A /* Debug */ = {
			isa = XCBuildConfiguration;
			buildSettings = {
				ASSETCATALOG_COMPILER_APPICON_NAME = AppIcon;
				ASSETCATALOG_COMPILER_GLOBAL_ACCENT_COLOR_NAME = AccentColor;
				CODE_SIGN_ENTITLEMENTS = Sequ3nce/Sequ3nce.entitlements;
				CODE_SIGN_STYLE = Automatic;
				COMBINE_HIDPI_IMAGES = YES;
				CURRENT_PROJECT_VERSION = 1;
				DEAD_CODE_STRIPPING = YES;
				DEVELOPMENT_ASSET_PATHS = "";
				DEVELOPMENT_TEAM = P3LCDZYPU5;
				ENABLE_HARDENED_RUNTIME = YES;
				ENABLE_PREVIEWS = YES;
				GENERATE_INFOPLIST_FILE = NO;
				INFOPLIST_FILE = Sequ3nce/Info.plist;
				INFOPLIST_KEY_LSApplicationCategoryType = "public.app-category.business";
				INFOPLIST_KEY_NSHumanReadableCopyright = "";
				LD_RUNPATH_SEARCH_PATHS = (
					"$(inherited)",
					"@executable_path/../Frameworks",
				);
				MARKETING_VERSION = 1.0.0;
				PRODUCT_BUNDLE_IDENTIFIER = com.sequ3nce.macos;
				PRODUCT_NAME = "$(TARGET_NAME)";
				SWIFT_EMIT_LOC_STRINGS = YES;
				SWIFT_VERSION = 5.0;
			};
			name = Debug;
		};
		A100001B111111110000000A /* Release */ = {
			isa = XCBuildConfiguration;
			buildSettings = {
				ASSETCATALOG_COMPILER_APPICON_NAME = AppIcon;
				ASSETCATALOG_COMPILER_GLOBAL_ACCENT_COLOR_NAME = AccentColor;
				CODE_SIGN_ENTITLEMENTS = Sequ3nce/Sequ3nce.entitlements;
				CODE_SIGN_STYLE = Automatic;
				COMBINE_HIDPI_IMAGES = YES;
				CURRENT_PROJECT_VERSION = 1;
				DEAD_CODE_STRIPPING = YES;
				DEVELOPMENT_ASSET_PATHS = "";
				DEVELOPMENT_TEAM = P3LCDZYPU5;
				ENABLE_HARDENED_RUNTIME = YES;
				ENABLE_PREVIEWS = YES;
				GENERATE_INFOPLIST_FILE = NO;
				INFOPLIST_FILE = Sequ3nce/Info.plist;
				INFOPLIST_KEY_LSApplicationCategoryType = "public.app-category.business";
				INFOPLIST_KEY_NSHumanReadableCopyright = "";
				LD_RUNPATH_SEARCH_PATHS = (
					"$(inherited)",
					"@executable_path/../Frameworks",
				);
				MARKETING_VERSION = 1.0.0;
				PRODUCT_BUNDLE_IDENTIFIER = com.sequ3nce.macos;
				PRODUCT_NAME = "$(TARGET_NAME)";
				SWIFT_EMIT_LOC_STRINGS = YES;
				SWIFT_VERSION = 5.0;
			};
			name = Release;
		};
		E10000601111111100001A00 /* Debug */ = {
			isa = XCBuildConfiguration;
			buildSettings = {
				CODE_SIGN_STYLE = Automatic;
				CURRENT_PROJECT_VERSION = 1;
				DEAD_CODE_STRIPPING = YES;
				DEVELOPMENT_TEAM = P3LCDZYPU5;
				GENERATE_INFOPLIST_FILE = YES;
				MARKETING_VERSION = 1.0;
				PRODUCT_BUNDLE_IDENTIFIER = com.sequ3nce.macos.uitests;
				PRODUCT_NAME = "$(TARGET_NAME)";
				SWIFT_EMIT_LOC_STRINGS = NO;
				SWIFT_VERSION = 5.0;
				TEST_TARGET_NAME = Sequ3nce;
			};
			name = Debug;
		};
		E10000611111111100001B00 /* Release */ = {
			isa = XCBuildConfiguration;
			buildSettings = {
				CODE_SIGN_STYLE = Automatic;
				CURRENT_PROJECT_VERSION = 1;
				DEAD_CODE_STRIPPING = YES;
				DEVELOPMENT_TEAM = P3LCDZYPU5;
				GENERATE_INFOPLIST_FILE = YES;
				MARKETING_VERSION = 1.0;
				PRODUCT_BUNDLE_IDENTIFIER = com.sequ3nce.macos.uitests;
				PRODUCT_NAME = "$(TARGET_NAME)";
				SWIFT_EMIT_LOC_STRINGS = NO;
				SWIFT_VERSION = 5.0;
				TEST_TARGET_NAME = Sequ3nce;
			};
			name = Release;
		};
/* End XCBuildConfiguration section */

/* Begin XCConfigurationList section */
		A1000013111111110000000A /* Build configuration list for PBXNativeTarget "Sequ3nce" */ = {
			isa = XCConfigurationList;
			buildConfigurations = (
				A100001A111111110000000A /* Debug */,
				A100001B111111110000000A /* Release */,
			);
			defaultConfigurationIsVisible = 0;
			defaultConfigurationName = Release;
		};
		A1000017111111110000000A /* Build configuration list for PBXProject "Sequ3nce" */ = {
			isa = XCConfigurationList;
			buildConfigurations = (
				A1000018111111110000000A /* Debug */,
				A1000019111111110000000A /* Release */,
			);
			defaultConfigurationIsVisible = 0;
			defaultConfigurationName = Release;
		};
		E10000701111111100001C00 /* Build configuration list for PBXNativeTarget "Sequ3nceUITests" */ = {
			isa = XCConfigurationList;
			buildConfigurations = (
				E10000601111111100001A00 /* Debug */,
				E10000611111111100001B00 /* Release */,
			);
			defaultConfigurationIsVisible = 0;
			defaultConfigurationName = Release;
		};
/* End XCConfigurationList section */

/* Begin XCRemoteSwiftPackageReference section */
		10D17FD62F0F5F3A006686F2 /* XCRemoteSwiftPackageReference "Sparkle" */ = {
			isa = XCRemoteSwiftPackageReference;
			repositoryURL = "https://github.com/sparkle-project/Sparkle";
			requirement = {
				kind = upToNextMajorVersion;
				minimumVersion = 2.8.1;
			};
		};
		10EB31132F0F03BA00665CB6 /* XCRemoteSwiftPackageReference "Starscream" */ = {
			isa = XCRemoteSwiftPackageReference;
			repositoryURL = "https://github.com/daltoniam/Starscream";
			requirement = {
				kind = upToNextMajorVersion;
				minimumVersion = 4.0.8;
			};
		};
/* End XCRemoteSwiftPackageReference section */

/* Begin XCSwiftPackageProductDependency section */
		10D17FD72F0F5F3A006686F2 /* Sparkle */ = {
			isa = XCSwiftPackageProductDependency;
			package = 10D17FD62F0F5F3A006686F2 /* XCRemoteSwiftPackageReference "Sparkle" */;
			productName = Sparkle;
		};
		10EB31142F0F03BA00665CB6 /* Starscream */ = {
			isa = XCSwiftPackageProductDependency;
			package = 10EB31132F0F03BA00665CB6 /* XCRemoteSwiftPackageReference "Starscream" */;
			productName = Starscream;
		};
/* End XCSwiftPackageProductDependency section */
	};
	rootObject = A1000016111111110000000A /* Project object */;
}
